
Microsoft Visual Studio Solution File, Format Version 12.00
# Visual Studio Version 17
VisualStudioVersion = 17.9.34607.119
MinimumVisualStudioVersion = 10.0.40219.1
Project("{FAE04EC0-301F-11D3-BF4B-00C04F79EFBC}") = "OpenWeatherAppRedo", "OpenWeatherAppRedo\OpenWeatherAppRedo.csproj", "{7831E93C-5B05-4C19-A5CC-6B5204E11B74}"
EndProject
Global
	GlobalSection(SolutionConfigurationPlatforms) = preSolution
		Debug|Any CPU = Debug|Any CPU
		Release|Any CPU = Release|Any CPU
	EndGlobalSection
	GlobalSection(ProjectConfigurationPlatforms) = postSolution
		{7831E93C-5B05-4C19-A5CC-6B5204E11B74}.Debug|Any CPU.ActiveCfg = Debug|Any CPU
		{7831E93C-5B05-4C19-A5CC-6B5204E11B74}.Debug|Any CPU.Build.0 = Debug|Any CPU
		{7831E93C-5B05-4C19-A5CC-6B5204E11B74}.Release|Any CPU.ActiveCfg = Release|Any CPU
		{7831E93C-5B05-4C19-A5CC-6B5204E11B74}.Release|Any CPU.Build.0 = Release|Any CPU
	EndGlobalSection
	GlobalSection(SolutionProperties) = preSolution
		HideSolutionNode = FALSE
	EndGlobalSection
	GlobalSection(ExtensibilityGlobals) = postSolution
		SolutionGuid = {3D9AB3E8-CEA6-41FE-BCE3-7DBC02C6EE4B}
	EndGlobalSection
EndGlobal
